
Microsoft Visual Studio Solution File, Format Version 12.00
# Visual Studio Version 17
VisualStudioVersion = 17.4.33122.133
MinimumVisualStudioVersion = 10.0.40219.1
Project("{8BC9CEB8-8B4A-11D0-8D11-00A0C91BC942}") = "codec_mp4", "codec_mp4.vcxproj", "{5953A9E1-993A-465D-BF55-9D502FC02159}"
EndProject
Global
	GlobalSection(SolutionConfigurationPlatforms) = preSolution
		Debug|x64 = Debug|x64
		Debug|x86 = Debug|x86
		Release|x64 = Release|x64
		Release|x86 = Release|x86
	EndGlobalSection
	GlobalSection(ProjectConfigurationPlatforms) = postSolution
		{5953A9E1-993A-465D-BF55-9D502FC02159}.Debug|x64.ActiveCfg = Debug|x64
		{5953A9E1-993A-465D-BF55-9D502FC02159}.Debug|x64.Build.0 = Debug|x64
		{5953A9E1-993A-465D-BF55-9D502FC02159}.Debug|x86.ActiveCfg = Debug|Win32
		{5953A9E1-993A-465D-BF55-9D502FC02159}.Debug|x86.Build.0 = Debug|Win32
		{5953A9E1-993A-465D-BF55-9D502FC02159}.Release|x64.ActiveCfg = Release|x64
		{5953A9E1-993A-465D-BF55-9D502FC02159}.Release|x64.Build.0 = Release|x64
		{5953A9E1-993A-465D-BF55-9D502FC02159}.Release|x86.ActiveCfg = Release|Win32
		{5953A9E1-993A-465D-BF55-9D502FC02159}.Release|x86.Build.0 = Release|Win32
	EndGlobalSection
	GlobalSection(SolutionProperties) = preSolution
		HideSolutionNode = FALSE
	EndGlobalSection
	GlobalSection(ExtensibilityGlobals) = postSolution
		SolutionGuid = {C96C0F95-8337-4A7A-8DDA-2492BB56C346}
	EndGlobalSection
EndGlobal
